
Microsoft Visual Studio Solution File, Format Version 12.00
# Visual Studio Version 16
VisualStudioVersion = 16.0.31702.278
MinimumVisualStudioVersion = 10.0.40219.1
Project("{2150E333-8FDC-42A3-9474-1A3956D46DE8}") = "Common", "Common", "{9478100C-DD1C-4BC3-9B67-3939F6B602C2}"
EndProject
Project("{2150E333-8FDC-42A3-9474-1A3956D46DE8}") = "Services", "Services", "{27254A33-EB89-41EF-A047-F3F7723853AD}"
EndProject
Project("{2150E333-8FDC-42A3-9474-1A3956D46DE8}") = "UI", "UI", "{DF4AC7EF-7AB6-44E0-8245-81713A9EF08C}"
EndProject
Project("{9A19103F-16F7-4668-BE54-9A1E7A4F7556}") = "WebStore.Domain", "Common\WebStore.Domain\WebStore.Domain.csproj", "{4C618169-A7CC-40DF-944C-86DB621B548C}"
EndProject
Project("{2150E333-8FDC-42A3-9474-1A3956D46DE8}") = "Data", "Data", "{2CA91645-D56B-4E6A-B033-FF19128E9C23}"
EndProject
Project("{9A19103F-16F7-4668-BE54-9A1E7A4F7556}") = "WebStore.DAL", "Data\WebStore.DAL\WebStore.DAL.csproj", "{1DD7F78A-43E1-4454-9FFE-D07E241272EA}"
EndProject
Project("{9A19103F-16F7-4668-BE54-9A1E7A4F7556}") = "WebStore.DAL.Sqlite", "Data\WebStore.DAL.Sqllite\WebStore.DAL.Sqlite.csproj", "{6E08F10F-51CA-4CF4-8D01-DF0A6055F59F}"
EndProject
Project("{9A19103F-16F7-4668-BE54-9A1E7A4F7556}") = "WebStore", "UI\WebStore\WebStore.csproj", "{F8B4462F-069C-4BDD-AE35-FBDEF6E683CC}"
EndProject
Project("{9A19103F-16F7-4668-BE54-9A1E7A4F7556}") = "WebStore.Interfaces", "Services\WebStore.Interfaces\WebStore.Interfaces.csproj", "{A2576805-E90E-476A-A4B1-C05B383E4380}"
EndProject
Project("{9A19103F-16F7-4668-BE54-9A1E7A4F7556}") = "WebStore.Services", "Services\WebStore.Services\WebStore.Services.csproj", "{125BE310-F295-4BD7-B4E2-BD8753822C96}"
EndProject
Project("{9A19103F-16F7-4668-BE54-9A1E7A4F7556}") = "WebStore.WebAPI", "Services\WebStore.WebAPI\WebStore.WebAPI.csproj", "{513E8A77-AC8F-4577-B6DF-80277DA63E58}"
EndProject
Project("{9A19103F-16F7-4668-BE54-9A1E7A4F7556}") = "WebStore.WebAPI.Clients", "Services\WebStore.WebAPI.Clients\WebStore.WebAPI.Clients.csproj", "{674AB266-CAD4-4161-9705-1221ADA4D05B}"
EndProject
Project("{2150E333-8FDC-42A3-9474-1A3956D46DE8}") = "Tests", "Tests", "{8A34D94F-78AD-4947-B810-7FECD5FD5C58}"
EndProject
Project("{9A19103F-16F7-4668-BE54-9A1E7A4F7556}") = "WebStore.TestConsole", "Tests\WebStore.TestConsole\WebStore.TestConsole.csproj", "{05A634A2-CEB6-4D31-A83B-0383000A5F95}"
EndProject
Project("{9A19103F-16F7-4668-BE54-9A1E7A4F7556}") = "WebStore.Logger", "Common\WebStore.Logger\WebStore.Logger.csproj", "{4FC7CFC0-5599-451B-9ABB-D898ED750DD4}"
EndProject
Project("{9A19103F-16F7-4668-BE54-9A1E7A4F7556}") = "WebStore.Tests", "Tests\WebStore.Tests\WebStore.Tests.csproj", "{4C54121A-203F-43F8-81BC-36E0D9667781}"
EndProject
Project("{9A19103F-16F7-4668-BE54-9A1E7A4F7556}") = "WebStore.Services.Tests", "Tests\WebStore.Services.Tests\WebStore.Services.Tests.csproj", "{14EE6D96-F253-400E-B533-7CCC2E212949}"
EndProject
Project("{9A19103F-16F7-4668-BE54-9A1E7A4F7556}") = "WebStore.WebAPI.Tests", "Tests\WebStore.WebAPI.Tests\WebStore.WebAPI.Tests.csproj", "{A6B2C5CA-1AC7-46DD-9D09-2B38224D9672}"
EndProject
Project("{FAE04EC0-301F-11D3-BF4B-00C04F79EFBC}") = "BlazorApp1.Server", "Tests\BlazorApp1\Server\BlazorApp1.Server.csproj", "{A5809051-CE07-4C66-B63F-38F7746D43B4}"
EndProject
Project("{FAE04EC0-301F-11D3-BF4B-00C04F79EFBC}") = "BlazorApp1.Client", "Tests\BlazorApp1\Client\BlazorApp1.Client.csproj", "{1A7D56C4-5030-4901-B5C5-06B0A3241A28}"
EndProject
Project("{FAE04EC0-301F-11D3-BF4B-00C04F79EFBC}") = "BlazorApp1.Shared", "Tests\BlazorApp1\Shared\BlazorApp1.Shared.csproj", "{AB0B636F-AC3D-4FE7-938C-7F31C6D1CA1E}"
EndProject
Global
	GlobalSection(SolutionConfigurationPlatforms) = preSolution
		Debug|Any CPU = Debug|Any CPU
		Release|Any CPU = Release|Any CPU
	EndGlobalSection
	GlobalSection(ProjectConfigurationPlatforms) = postSolution
		{4C618169-A7CC-40DF-944C-86DB621B548C}.Debug|Any CPU.ActiveCfg = Debug|Any CPU
		{4C618169-A7CC-40DF-944C-86DB621B548C}.Debug|Any CPU.Build.0 = Debug|Any CPU
		{4C618169-A7CC-40DF-944C-86DB621B548C}.Release|Any CPU.ActiveCfg = Release|Any CPU
		{4C618169-A7CC-40DF-944C-86DB621B548C}.Release|Any CPU.Build.0 = Release|Any CPU
		{1DD7F78A-43E1-4454-9FFE-D07E241272EA}.Debug|Any CPU.ActiveCfg = Debug|Any CPU
		{1DD7F78A-43E1-4454-9FFE-D07E241272EA}.Debug|Any CPU.Build.0 = Debug|Any CPU
		{1DD7F78A-43E1-4454-9FFE-D07E241272EA}.Release|Any CPU.ActiveCfg = Release|Any CPU
		{1DD7F78A-43E1-4454-9FFE-D07E241272EA}.Release|Any CPU.Build.0 = Release|Any CPU
		{6E08F10F-51CA-4CF4-8D01-DF0A6055F59F}.Debug|Any CPU.ActiveCfg = Debug|Any CPU
		{6E08F10F-51CA-4CF4-8D01-DF0A6055F59F}.Debug|Any CPU.Build.0 = Debug|Any CPU
		{6E08F10F-51CA-4CF4-8D01-DF0A6055F59F}.Release|Any CPU.ActiveCfg = Release|Any CPU
		{6E08F10F-51CA-4CF4-8D01-DF0A6055F59F}.Release|Any CPU.Build.0 = Release|Any CPU
		{F8B4462F-069C-4BDD-AE35-FBDEF6E683CC}.Debug|Any CPU.ActiveCfg = Debug|Any CPU
		{F8B4462F-069C-4BDD-AE35-FBDEF6E683CC}.Debug|Any CPU.Build.0 = Debug|Any CPU
		{F8B4462F-069C-4BDD-AE35-FBDEF6E683CC}.Release|Any CPU.ActiveCfg = Release|Any CPU
		{F8B4462F-069C-4BDD-AE35-FBDEF6E683CC}.Release|Any CPU.Build.0 = Release|Any CPU
		{A2576805-E90E-476A-A4B1-C05B383E4380}.Debug|Any CPU.ActiveCfg = Debug|Any CPU
		{A2576805-E90E-476A-A4B1-C05B383E4380}.Debug|Any CPU.Build.0 = Debug|Any CPU
		{A2576805-E90E-476A-A4B1-C05B383E4380}.Release|Any CPU.ActiveCfg = Release|Any CPU
		{A2576805-E90E-476A-A4B1-C05B383E4380}.Release|Any CPU.Build.0 = Release|Any CPU
		{125BE310-F295-4BD7-B4E2-BD8753822C96}.Debug|Any CPU.ActiveCfg = Debug|Any CPU
		{125BE310-F295-4BD7-B4E2-BD8753822C96}.Debug|Any CPU.Build.0 = Debug|Any CPU
		{125BE310-F295-4BD7-B4E2-BD8753822C96}.Release|Any CPU.ActiveCfg = Release|Any CPU
		{125BE310-F295-4BD7-B4E2-BD8753822C96}.Release|Any CPU.Build.0 = Release|Any CPU
		{513E8A77-AC8F-4577-B6DF-80277DA63E58}.Debug|Any CPU.ActiveCfg = Debug|Any CPU
		{513E8A77-AC8F-4577-B6DF-80277DA63E58}.Debug|Any CPU.Build.0 = Debug|Any CPU
		{513E8A77-AC8F-4577-B6DF-80277DA63E58}.Release|Any CPU.ActiveCfg = Release|Any CPU
		{513E8A77-AC8F-4577-B6DF-80277DA63E58}.Release|Any CPU.Build.0 = Release|Any CPU
		{674AB266-CAD4-4161-9705-1221ADA4D05B}.Debug|Any CPU.ActiveCfg = Debug|Any CPU
		{674AB266-CAD4-4161-9705-1221ADA4D05B}.Debug|Any CPU.Build.0 = Debug|Any CPU
		{674AB266-CAD4-4161-9705-1221ADA4D05B}.Release|Any CPU.ActiveCfg = Release|Any CPU
		{674AB266-CAD4-4161-9705-1221ADA4D05B}.Release|Any CPU.Build.0 = Release|Any CPU
		{05A634A2-CEB6-4D31-A83B-0383000A5F95}.Debug|Any CPU.ActiveCfg = Debug|Any CPU
		{05A634A2-CEB6-4D31-A83B-0383000A5F95}.Debug|Any CPU.Build.0 = Debug|Any CPU
		{05A634A2-CEB6-4D31-A83B-0383000A5F95}.Release|Any CPU.ActiveCfg = Release|Any CPU
		{05A634A2-CEB6-4D31-A83B-0383000A5F95}.Release|Any CPU.Build.0 = Release|Any CPU
		{4FC7CFC0-5599-451B-9ABB-D898ED750DD4}.Debug|Any CPU.ActiveCfg = Debug|Any CPU
		{4FC7CFC0-5599-451B-9ABB-D898ED750DD4}.Debug|Any CPU.Build.0 = Debug|Any CPU
		{4FC7CFC0-5599-451B-9ABB-D898ED750DD4}.Release|Any CPU.ActiveCfg = Release|Any CPU
		{4FC7CFC0-5599-451B-9ABB-D898ED750DD4}.Release|Any CPU.Build.0 = Release|Any CPU
		{4C54121A-203F-43F8-81BC-36E0D9667781}.Debug|Any CPU.ActiveCfg = Debug|Any CPU
		{4C54121A-203F-43F8-81BC-36E0D9667781}.Debug|Any CPU.Build.0 = Debug|Any CPU
		{4C54121A-203F-43F8-81BC-36E0D9667781}.Release|Any CPU.ActiveCfg = Release|Any CPU
		{4C54121A-203F-43F8-81BC-36E0D9667781}.Release|Any CPU.Build.0 = Release|Any CPU
		{14EE6D96-F253-400E-B533-7CCC2E212949}.Debug|Any CPU.ActiveCfg = Debug|Any CPU
		{14EE6D96-F253-400E-B533-7CCC2E212949}.Debug|Any CPU.Build.0 = Debug|Any CPU
		{14EE6D96-F253-400E-B533-7CCC2E212949}.Release|Any CPU.ActiveCfg = Release|Any CPU
		{14EE6D96-F253-400E-B533-7CCC2E212949}.Release|Any CPU.Build.0 = Release|Any CPU
		{A6B2C5CA-1AC7-46DD-9D09-2B38224D9672}.Debug|Any CPU.ActiveCfg = Debug|Any CPU
		{A6B2C5CA-1AC7-46DD-9D09-2B38224D9672}.Debug|Any CPU.Build.0 = Debug|Any CPU
		{A6B2C5CA-1AC7-46DD-9D09-2B38224D9672}.Release|Any CPU.ActiveCfg = Release|Any CPU
		{A6B2C5CA-1AC7-46DD-9D09-2B38224D9672}.Release|Any CPU.Build.0 = Release|Any CPU
		{A5809051-CE07-4C66-B63F-38F7746D43B4}.Debug|Any CPU.ActiveCfg = Debug|Any CPU
		{A5809051-CE07-4C66-B63F-38F7746D43B4}.Debug|Any CPU.Build.0 = Debug|Any CPU
		{A5809051-CE07-4C66-B63F-38F7746D43B4}.Release|Any CPU.ActiveCfg = Release|Any CPU
		{A5809051-CE07-4C66-B63F-38F7746D43B4}.Release|Any CPU.Build.0 = Release|Any CPU
		{1A7D56C4-5030-4901-B5C5-06B0A3241A28}.Debug|Any CPU.ActiveCfg = Debug|Any CPU
		{1A7D56C4-5030-4901-B5C5-06B0A3241A28}.Debug|Any CPU.Build.0 = Debug|Any CPU
		{1A7D56C4-5030-4901-B5C5-06B0A3241A28}.Release|Any CPU.ActiveCfg = Release|Any CPU
		{1A7D56C4-5030-4901-B5C5-06B0A3241A28}.Release|Any CPU.Build.0 = Release|Any CPU
		{AB0B636F-AC3D-4FE7-938C-7F31C6D1CA1E}.Debug|Any CPU.ActiveCfg = Debug|Any CPU
		{AB0B636F-AC3D-4FE7-938C-7F31C6D1CA1E}.Debug|Any CPU.Build.0 = Debug|Any CPU
		{AB0B636F-AC3D-4FE7-938C-7F31C6D1CA1E}.Release|Any CPU.ActiveCfg = Release|Any CPU
		{AB0B636F-AC3D-4FE7-938C-7F31C6D1CA1E}.Release|Any CPU.Build.0 = Release|Any CPU
	EndGlobalSection
	GlobalSection(SolutionProperties) = preSolution
		HideSolutionNode = FALSE
	EndGlobalSection
	GlobalSection(NestedProjects) = preSolution
		{4C618169-A7CC-40DF-944C-86DB621B548C} = {9478100C-DD1C-4BC3-9B67-3939F6B602C2}
		{1DD7F78A-43E1-4454-9FFE-D07E241272EA} = {2CA91645-D56B-4E6A-B033-FF19128E9C23}
		{6E08F10F-51CA-4CF4-8D01-DF0A6055F59F} = {2CA91645-D56B-4E6A-B033-FF19128E9C23}
		{F8B4462F-069C-4BDD-AE35-FBDEF6E683CC} = {DF4AC7EF-7AB6-44E0-8245-81713A9EF08C}
		{A2576805-E90E-476A-A4B1-C05B383E4380} = {27254A33-EB89-41EF-A047-F3F7723853AD}
		{125BE310-F295-4BD7-B4E2-BD8753822C96} = {27254A33-EB89-41EF-A047-F3F7723853AD}
		{513E8A77-AC8F-4577-B6DF-80277DA63E58} = {27254A33-EB89-41EF-A047-F3F7723853AD}
		{674AB266-CAD4-4161-9705-1221ADA4D05B} = {27254A33-EB89-41EF-A047-F3F7723853AD}
		{05A634A2-CEB6-4D31-A83B-0383000A5F95} = {8A34D94F-78AD-4947-B810-7FECD5FD5C58}
		{4FC7CFC0-5599-451B-9ABB-D898ED750DD4} = {9478100C-DD1C-4BC3-9B67-3939F6B602C2}
		{4C54121A-203F-43F8-81BC-36E0D9667781} = {8A34D94F-78AD-4947-B810-7FECD5FD5C58}
		{14EE6D96-F253-400E-B533-7CCC2E212949} = {8A34D94F-78AD-4947-B810-7FECD5FD5C58}
		{A6B2C5CA-1AC7-46DD-9D09-2B38224D9672} = {8A34D94F-78AD-4947-B810-7FECD5FD5C58}
		{A5809051-CE07-4C66-B63F-38F7746D43B4} = {8A34D94F-78AD-4947-B810-7FECD5FD5C58}
		{1A7D56C4-5030-4901-B5C5-06B0A3241A28} = {8A34D94F-78AD-4947-B810-7FECD5FD5C58}
		{AB0B636F-AC3D-4FE7-938C-7F31C6D1CA1E} = {8A34D94F-78AD-4947-B810-7FECD5FD5C58}
	EndGlobalSection
	GlobalSection(ExtensibilityGlobals) = postSolution
		SolutionGuid = {2ED000A4-4654-44D0-84A6-FAA526117991}
	EndGlobalSection
EndGlobal
