
Microsoft Visual Studio Solution File, Format Version 12.00
# Visual Studio Version 16
VisualStudioVersion = 16.0.31702.278
MinimumVisualStudioVersion = 10.0.40219.1
Project("{9A19103F-16F7-4668-BE54-9A1E7A4F7556}") = "WebStore", "WebStore\WebStore.csproj", "{868B6295-753A-4909-A4C9-AFF54A54353D}"
EndProject
Project("{FAE04EC0-301F-11D3-BF4B-00C04F79EFBC}") = "WebStore.Domain", "WebStore.Domain\WebStore.Domain.csproj", "{F4CF666F-60AF-4956-A737-A1A42C7C5C19}"
EndProject
Global
	GlobalSection(SolutionConfigurationPlatforms) = preSolution
		Debug|Any CPU = Debug|Any CPU
		Release|Any CPU = Release|Any CPU
	EndGlobalSection
	GlobalSection(ProjectConfigurationPlatforms) = postSolution
		{868B6295-753A-4909-A4C9-AFF54A54353D}.Debug|Any CPU.ActiveCfg = Debug|Any CPU
		{868B6295-753A-4909-A4C9-AFF54A54353D}.Debug|Any CPU.Build.0 = Debug|Any CPU
		{868B6295-753A-4909-A4C9-AFF54A54353D}.Release|Any CPU.ActiveCfg = Release|Any CPU
		{868B6295-753A-4909-A4C9-AFF54A54353D}.Release|Any CPU.Build.0 = Release|Any CPU
		{F4CF666F-60AF-4956-A737-A1A42C7C5C19}.Debug|Any CPU.ActiveCfg = Debug|Any CPU
		{F4CF666F-60AF-4956-A737-A1A42C7C5C19}.Debug|Any CPU.Build.0 = Debug|Any CPU
		{F4CF666F-60AF-4956-A737-A1A42C7C5C19}.Release|Any CPU.ActiveCfg = Release|Any CPU
		{F4CF666F-60AF-4956-A737-A1A42C7C5C19}.Release|Any CPU.Build.0 = Release|Any CPU
	EndGlobalSection
	GlobalSection(SolutionProperties) = preSolution
		HideSolutionNode = FALSE
	EndGlobalSection
	GlobalSection(ExtensibilityGlobals) = postSolution
		SolutionGuid = {2ED000A4-4654-44D0-84A6-FAA526117991}
	EndGlobalSection
EndGlobal
